// !$*UTF8*$!
{
	archiveVersion = 1;
	classes = {
	};
	objectVersion = 77;
	objects = {

/* Begin PBXBuildFile section */
		B57665D22CC9560A00D3659A /* CoreLocation.framework in Frameworks */ = {isa = PBXBuildFile; fileRef = B57665D12CC9560A00D3659A /* CoreLocation.framework */; };
		B588C2092CCADDD400B7D085 /* Vortex in Frameworks */ = {isa = PBXBuildFile; productRef = B588C2082CCADDD400B7D085 /* Vortex */; };
/* End PBXBuildFile section */

/* Begin PBXContainerItemProxy section */
		B55DFFAB2CD57479006F252F /* PBXContainerItemProxy */ = {
			isa = PBXContainerItemProxy;
			containerPortal = B576659C2CC85BCC00D3659A /* Project object */;
			proxyType = 1;
			remoteGlobalIDString = B57665A32CC85BCC00D3659A;
			remoteInfo = Whether;
		};
/* End PBXContainerItemProxy section */

/* Begin PBXFileReference section */
		B55DFFA72CD57479006F252F /* WhetherTests.xctest */ = {isa = PBXFileReference; explicitFileType = wrapper.cfbundle; includeInIndex = 0; path = WhetherTests.xctest; sourceTree = BUILT_PRODUCTS_DIR; };
		B57665A42CC85BCC00D3659A /* Whether.app */ = {isa = PBXFileReference; explicitFileType = wrapper.application; includeInIndex = 0; path = Whether.app; sourceTree = BUILT_PRODUCTS_DIR; };
		B57665D12CC9560A00D3659A /* CoreLocation.framework */ = {isa = PBXFileReference; lastKnownFileType = wrapper.framework; name = CoreLocation.framework; path = System/Library/Frameworks/CoreLocation.framework; sourceTree = SDKROOT; };
/* End PBXFileReference section */

/* Begin PBXFileSystemSynchronizedBuildFileExceptionSet section */
		B57665B42CC85BCE00D3659A /* Exceptions for "Whether" folder in "Whether" target */ = {
			isa = PBXFileSystemSynchronizedBuildFileExceptionSet;
			membershipExceptions = (
				Info.plist,
			);
			target = B57665A32CC85BCC00D3659A /* Whether */;
		};
/* End PBXFileSystemSynchronizedBuildFileExceptionSet section */

/* Begin PBXFileSystemSynchronizedRootGroup section */
		B55DFFA82CD57479006F252F /* WhetherTests */ = {
			isa = PBXFileSystemSynchronizedRootGroup;
			path = WhetherTests;
			sourceTree = "<group>";
		};
		B57665A62CC85BCC00D3659A /* Whether */ = {
			isa = PBXFileSystemSynchronizedRootGroup;
			exceptions = (
				B57665B42CC85BCE00D3659A /* Exceptions for "Whether" folder in "Whether" target */,
			);
			path = Whether;
			sourceTree = "<group>";
		};
/* End PBXFileSystemSynchronizedRootGroup section */

/* Begin PBXFrameworksBuildPhase section */
		B55DFFA42CD57479006F252F /* Frameworks */ = {
			isa = PBXFrameworksBuildPhase;
			buildActionMask = 2147483647;
			files = (
			);
			runOnlyForDeploymentPostprocessing = 0;
		};
		B57665A12CC85BCC00D3659A /* Frameworks */ = {
			isa = PBXFrameworksBuildPhase;
			buildActionMask = 2147483647;
			files = (
				B588C2092CCADDD400B7D085 /* Vortex in Frameworks */,
				B57665D22CC9560A00D3659A /* CoreLocation.framework in Frameworks */,
			);
			runOnlyForDeploymentPostprocessing = 0;
		};
/* End PBXFrameworksBuildPhase section */

/* Begin PBXGroup section */
		B576659B2CC85BCC00D3659A = {
			isa = PBXGroup;
			children = (
				B57665A62CC85BCC00D3659A /* Whether */,
				B55DFFA82CD57479006F252F /* WhetherTests */,
				B57665D02CC9560900D3659A /* Frameworks */,
				B57665A52CC85BCC00D3659A /* Products */,
			);
			sourceTree = "<group>";
		};
		B57665A52CC85BCC00D3659A /* Products */ = {
			isa = PBXGroup;
			children = (
				B57665A42CC85BCC00D3659A /* Whether.app */,
				B55DFFA72CD57479006F252F /* WhetherTests.xctest */,
			);
			name = Products;
			sourceTree = "<group>";
		};
		B57665D02CC9560900D3659A /* Frameworks */ = {
			isa = PBXGroup;
			children = (
				B57665D12CC9560A00D3659A /* CoreLocation.framework */,
			);
			name = Frameworks;
			sourceTree = "<group>";
		};
/* End PBXGroup section */

/* Begin PBXNativeTarget section */
		B55DFFA62CD57479006F252F /* WhetherTests */ = {
			isa = PBXNativeTarget;
			buildConfigurationList = B55DFFAD2CD57479006F252F /* Build configuration list for PBXNativeTarget "WhetherTests" */;
			buildPhases = (
				B55DFFA32CD57479006F252F /* Sources */,
				B55DFFA42CD57479006F252F /* Frameworks */,
				B55DFFA52CD57479006F252F /* Resources */,
			);
			buildRules = (
			);
			dependencies = (
				B55DFFAC2CD57479006F252F /* PBXTargetDependency */,
			);
			fileSystemSynchronizedGroups = (
				B55DFFA82CD57479006F252F /* WhetherTests */,
			);
			name = WhetherTests;
			packageProductDependencies = (
			);
			productName = WhetherTests;
			productReference = B55DFFA72CD57479006F252F /* WhetherTests.xctest */;
			productType = "com.apple.product-type.bundle.unit-test";
		};
		B57665A32CC85BCC00D3659A /* Whether */ = {
			isa = PBXNativeTarget;
			buildConfigurationList = B57665B52CC85BCE00D3659A /* Build configuration list for PBXNativeTarget "Whether" */;
			buildPhases = (
				B57665A02CC85BCC00D3659A /* Sources */,
				B57665A12CC85BCC00D3659A /* Frameworks */,
				B57665A22CC85BCC00D3659A /* Resources */,
			);
			buildRules = (
			);
			dependencies = (
			);
			fileSystemSynchronizedGroups = (
				B57665A62CC85BCC00D3659A /* Whether */,
			);
			name = Whether;
			packageProductDependencies = (
				B588C2082CCADDD400B7D085 /* Vortex */,
			);
			productName = Whether;
			productReference = B57665A42CC85BCC00D3659A /* Whether.app */;
			productType = "com.apple.product-type.application";
		};
/* End PBXNativeTarget section */

/* Begin PBXProject section */
		B576659C2CC85BCC00D3659A /* Project object */ = {
			isa = PBXProject;
			attributes = {
				BuildIndependentTargetsInParallel = 1;
				LastSwiftUpdateCheck = 1610;
				LastUpgradeCheck = 1600;
				TargetAttributes = {
					B55DFFA62CD57479006F252F = {
						CreatedOnToolsVersion = 16.1;
						TestTargetID = B57665A32CC85BCC00D3659A;
					};
					B57665A32CC85BCC00D3659A = {
						CreatedOnToolsVersion = 16.0;
					};
				};
			};
			buildConfigurationList = B576659F2CC85BCC00D3659A /* Build configuration list for PBXProject "Whether" */;
			developmentRegion = en;
			hasScannedForEncodings = 0;
			knownRegions = (
				en,
				Base,
			);
			mainGroup = B576659B2CC85BCC00D3659A;
			minimizedProjectReferenceProxies = 1;
			packageReferences = (
				B588C2072CCADDD400B7D085 /* XCRemoteSwiftPackageReference "Vortex" */,
			);
			preferredProjectObjectVersion = 77;
			productRefGroup = B57665A52CC85BCC00D3659A /* Products */;
			projectDirPath = "";
			projectRoot = "";
			targets = (
				B57665A32CC85BCC00D3659A /* Whether */,
				B55DFFA62CD57479006F252F /* WhetherTests */,
			);
		};
/* End PBXProject section */

/* Begin PBXResourcesBuildPhase section */
		B55DFFA52CD57479006F252F /* Resources */ = {
			isa = PBXResourcesBuildPhase;
			buildActionMask = 2147483647;
			files = (
			);
			runOnlyForDeploymentPostprocessing = 0;
		};
		B57665A22CC85BCC00D3659A /* Resources */ = {
			isa = PBXResourcesBuildPhase;
			buildActionMask = 2147483647;
			files = (
			);
			runOnlyForDeploymentPostprocessing = 0;
		};
/* End PBXResourcesBuildPhase section */

/* Begin PBXSourcesBuildPhase section */
		B55DFFA32CD57479006F252F /* Sources */ = {
			isa = PBXSourcesBuildPhase;
			buildActionMask = 2147483647;
			files = (
			);
			runOnlyForDeploymentPostprocessing = 0;
		};
		B57665A02CC85BCC00D3659A /* Sources */ = {
			isa = PBXSourcesBuildPhase;
			buildActionMask = 2147483647;
			files = (
			);
			runOnlyForDeploymentPostprocessing = 0;
		};
/* End PBXSourcesBuildPhase section */

/* Begin PBXTargetDependency section */
		B55DFFAC2CD57479006F252F /* PBXTargetDependency */ = {
			isa = PBXTargetDependency;
			target = B57665A32CC85BCC00D3659A /* Whether */;
			targetProxy = B55DFFAB2CD57479006F252F /* PBXContainerItemProxy */;
		};
/* End PBXTargetDependency section */

/* Begin XCBuildConfiguration section */
		B55DFFAE2CD57479006F252F /* Debug */ = {
			isa = XCBuildConfiguration;
			buildSettings = {
				BUNDLE_LOADER = "$(TEST_HOST)";
				CODE_SIGN_STYLE = Automatic;
				CURRENT_PROJECT_VERSION = 1;
				DEVELOPMENT_TEAM = 54YTE3BLBX;
				GENERATE_INFOPLIST_FILE = YES;
				IPHONEOS_DEPLOYMENT_TARGET = 18.1;
				MARKETING_VERSION = 1.0;
				PRODUCT_BUNDLE_IDENTIFIER = com.pinwheeldevinc.WhetherTests;
				PRODUCT_NAME = "$(TARGET_NAME)";
				SWIFT_EMIT_LOC_STRINGS = NO;
				SWIFT_VERSION = 5.0;
				TARGETED_DEVICE_FAMILY = "1,2";
				TEST_HOST = "$(BUILT_PRODUCTS_DIR)/Whether.app/$(BUNDLE_EXECUTABLE_FOLDER_PATH)/Whether";
			};
			name = Debug;
		};
		B55DFFAF2CD57479006F252F /* Release */ = {
			isa = XCBuildConfiguration;
			buildSettings = {
				BUNDLE_LOADER = "$(TEST_HOST)";
				CODE_SIGN_STYLE = Automatic;
				CURRENT_PROJECT_VERSION = 1;
				DEVELOPMENT_TEAM = 54YTE3BLBX;
				GENERATE_INFOPLIST_FILE = YES;
				IPHONEOS_DEPLOYMENT_TARGET = 18.1;
				MARKETING_VERSION = 1.0;
				PRODUCT_BUNDLE_IDENTIFIER = com.pinwheeldevinc.WhetherTests;
				PRODUCT_NAME = "$(TARGET_NAME)";
				SWIFT_EMIT_LOC_STRINGS = NO;
				SWIFT_VERSION = 5.0;
				TARGETED_DEVICE_FAMILY = "1,2";
				TEST_HOST = "$(BUILT_PRODUCTS_DIR)/Whether.app/$(BUNDLE_EXECUTABLE_FOLDER_PATH)/Whether";
			};
			name = Release;
		};
		B57665B62CC85BCE00D3659A /* Debug */ = {
			isa = XCBuildConfiguration;
			buildSettings = {
				ASSETCATALOG_COMPILER_APPICON_NAME = AppIcon;
				ASSETCATALOG_COMPILER_GLOBAL_ACCENT_COLOR_NAME = AccentColor;
				CODE_SIGN_ENTITLEMENTS = Whether/Whether.entitlements;
				CODE_SIGN_STYLE = Automatic;
				CURRENT_PROJECT_VERSION = 1;
				DEVELOPMENT_ASSET_PATHS = "\"Whether/Preview Content\"";
				DEVELOPMENT_TEAM = 54YTE3BLBX;
				ENABLE_PREVIEWS = YES;
				GENERATE_INFOPLIST_FILE = YES;
				INFOPLIST_FILE = Whether/Info.plist;
				INFOPLIST_KEY_LSApplicationCategoryType = "";
				INFOPLIST_KEY_NSLocationUsageDescription = "Your location is used to retrieve weather data.";
				INFOPLIST_KEY_NSLocationWhenInUseUsageDescription = "Determining weather for your current location.";
				INFOPLIST_KEY_UIApplicationSceneManifest_Generation = YES;
				INFOPLIST_KEY_UIApplicationSupportsIndirectInputEvents = YES;
				INFOPLIST_KEY_UILaunchScreen_Generation = YES;
				INFOPLIST_KEY_UISupportedInterfaceOrientations_iPad = "UIInterfaceOrientationPortrait UIInterfaceOrientationPortraitUpsideDown UIInterfaceOrientationLandscapeLeft UIInterfaceOrientationLandscapeRight";
				INFOPLIST_KEY_UISupportedInterfaceOrientations_iPhone = "UIInterfaceOrientationPortrait UIInterfaceOrientationLandscapeLeft UIInterfaceOrientationLandscapeRight";
				LD_RUNPATH_SEARCH_PATHS = (
					"$(inherited)",
					"@executable_path/Frameworks",
				);
				MARKETING_VERSION = 1.0;
				PRODUCT_BUNDLE_IDENTIFIER = com.pinwheeldevinc.Whether;
				PRODUCT_NAME = "$(TARGET_NAME)";
				SWIFT_EMIT_LOC_STRINGS = YES;
				SWIFT_VERSION = 5.0;
				TARGETED_DEVICE_FAMILY = "1,2";
			};
			name = Debug;
		};
		B57665B72CC85BCE00D3659A /* Release */ = {
			isa = XCBuildConfiguration;
			buildSettings = {
				ASSETCATALOG_COMPILER_APPICON_NAME = AppIcon;
				ASSETCATALOG_COMPILER_GLOBAL_ACCENT_COLOR_NAME = AccentColor;
				CODE_SIGN_ENTITLEMENTS = Whether/Whether.entitlements;
				CODE_SIGN_STYLE = Automatic;
				CURRENT_PROJECT_VERSION = 1;
				DEVELOPMENT_ASSET_PATHS = "\"Whether/Preview Content\"";
				DEVELOPMENT_TEAM = 54YTE3BLBX;
				ENABLE_PREVIEWS = YES;
				GENERATE_INFOPLIST_FILE = YES;
				INFOPLIST_FILE = Whether/Info.plist;
				INFOPLIST_KEY_LSApplicationCategoryType = "";
				INFOPLIST_KEY_NSLocationUsageDescription = "Your location is used to retrieve weather data.";
				INFOPLIST_KEY_NSLocationWhenInUseUsageDescription = "Determining weather for your current location.";
				INFOPLIST_KEY_UIApplicationSceneManifest_Generation = YES;
				INFOPLIST_KEY_UIApplicationSupportsIndirectInputEvents = YES;
				INFOPLIST_KEY_UILaunchScreen_Generation = YES;
				INFOPLIST_KEY_UISupportedInterfaceOrientations_iPad = "UIInterfaceOrientationPortrait UIInterfaceOrientationPortraitUpsideDown UIInterfaceOrientationLandscapeLeft UIInterfaceOrientationLandscapeRight";
				INFOPLIST_KEY_UISupportedInterfaceOrientations_iPhone = "UIInterfaceOrientationPortrait UIInterfaceOrientationLandscapeLeft UIInterfaceOrientationLandscapeRight";
				LD_RUNPATH_SEARCH_PATHS = (
					"$(inherited)",
					"@executable_path/Frameworks",
				);
				MARKETING_VERSION = 1.0;
				PRODUCT_BUNDLE_IDENTIFIER = com.pinwheeldevinc.Whether;
				PRODUCT_NAME = "$(TARGET_NAME)";
				SWIFT_EMIT_LOC_STRINGS = YES;
				SWIFT_VERSION = 5.0;
				TARGETED_DEVICE_FAMILY = "1,2";
			};
			name = Release;
		};
		B57665B82CC85BCE00D3659A /* Debug */ = {
			isa = XCBuildConfiguration;
			buildSettings = {
				ALWAYS_SEARCH_USER_PATHS = NO;
				ASSETCATALOG_COMPILER_GENERATE_SWIFT_ASSET_SYMBOL_EXTENSIONS = YES;
				CLANG_ANALYZER_NONNULL = YES;
				CLANG_ANALYZER_NUMBER_OBJECT_CONVERSION = YES_AGGRESSIVE;
				CLANG_CXX_LANGUAGE_STANDARD = "gnu++20";
				CLANG_ENABLE_MODULES = YES;
				CLANG_ENABLE_OBJC_ARC = YES;
				CLANG_ENABLE_OBJC_WEAK = YES;
				CLANG_WARN_BLOCK_CAPTURE_AUTORELEASING = YES;
				CLANG_WARN_BOOL_CONVERSION = YES;
				CLANG_WARN_COMMA = YES;
				CLANG_WARN_CONSTANT_CONVERSION = YES;
				CLANG_WARN_DEPRECATED_OBJC_IMPLEMENTATIONS = YES;
				CLANG_WARN_DIRECT_OBJC_ISA_USAGE = YES_ERROR;
				CLANG_WARN_DOCUMENTATION_COMMENTS = YES;
				CLANG_WARN_EMPTY_BODY = YES;
				CLANG_WARN_ENUM_CONVERSION = YES;
				CLANG_WARN_INFINITE_RECURSION = YES;
				CLANG_WARN_INT_CONVERSION = YES;
				CLANG_WARN_NON_LITERAL_NULL_CONVERSION = YES;
				CLANG_WARN_OBJC_IMPLICIT_RETAIN_SELF = YES;
				CLANG_WARN_OBJC_LITERAL_CONVERSION = YES;
				CLANG_WARN_OBJC_ROOT_CLASS = YES_ERROR;
				CLANG_WARN_QUOTED_INCLUDE_IN_FRAMEWORK_HEADER = YES;
				CLANG_WARN_RANGE_LOOP_ANALYSIS = YES;
				CLANG_WARN_STRICT_PROTOTYPES = YES;
				CLANG_WARN_SUSPICIOUS_MOVE = YES;
				CLANG_WARN_UNGUARDED_AVAILABILITY = YES_AGGRESSIVE;
				CLANG_WARN_UNREACHABLE_CODE = YES;
				CLANG_WARN__DUPLICATE_METHOD_MATCH = YES;
				COPY_PHASE_STRIP = NO;
				DEBUG_INFORMATION_FORMAT = dwarf;
				ENABLE_STRICT_OBJC_MSGSEND = YES;
				ENABLE_TESTABILITY = YES;
				ENABLE_USER_SCRIPT_SANDBOXING = YES;
				GCC_C_LANGUAGE_STANDARD = gnu17;
				GCC_DYNAMIC_NO_PIC = NO;
				GCC_NO_COMMON_BLOCKS = YES;
				GCC_OPTIMIZATION_LEVEL = 0;
				GCC_PREPROCESSOR_DEFINITIONS = (
					"DEBUG=1",
					"$(inherited)",
				);
				GCC_WARN_64_TO_32_BIT_CONVERSION = YES;
				GCC_WARN_ABOUT_RETURN_TYPE = YES_ERROR;
				GCC_WARN_UNDECLARED_SELECTOR = YES;
				GCC_WARN_UNINITIALIZED_AUTOS = YES_AGGRESSIVE;
				GCC_WARN_UNUSED_FUNCTION = YES;
				GCC_WARN_UNUSED_VARIABLE = YES;
				IPHONEOS_DEPLOYMENT_TARGET = 18.0;
				LOCALIZATION_PREFERS_STRING_CATALOGS = YES;
				MTL_ENABLE_DEBUG_INFO = INCLUDE_SOURCE;
				MTL_FAST_MATH = YES;
				ONLY_ACTIVE_ARCH = YES;
				SDKROOT = iphoneos;
				SWIFT_ACTIVE_COMPILATION_CONDITIONS = "DEBUG $(inherited)";
				SWIFT_OPTIMIZATION_LEVEL = "-Onone";
			};
			name = Debug;
		};
		B57665B92CC85BCE00D3659A /* Release */ = {
			isa = XCBuildConfiguration;
			buildSettings = {
				ALWAYS_SEARCH_USER_PATHS = NO;
				ASSETCATALOG_COMPILER_GENERATE_SWIFT_ASSET_SYMBOL_EXTENSIONS = YES;
				CLANG_ANALYZER_NONNULL = YES;
				CLANG_ANALYZER_NUMBER_OBJECT_CONVERSION = YES_AGGRESSIVE;
				CLANG_CXX_LANGUAGE_STANDARD = "gnu++20";
				CLANG_ENABLE_MODULES = YES;
				CLANG_ENABLE_OBJC_ARC = YES;
				CLANG_ENABLE_OBJC_WEAK = YES;
				CLANG_WARN_BLOCK_CAPTURE_AUTORELEASING = YES;
				CLANG_WARN_BOOL_CONVERSION = YES;
				CLANG_WARN_COMMA = YES;
				CLANG_WARN_CONSTANT_CONVERSION = YES;
				CLANG_WARN_DEPRECATED_OBJC_IMPLEMENTATIONS = YES;
				CLANG_WARN_DIRECT_OBJC_ISA_USAGE = YES_ERROR;
				CLANG_WARN_DOCUMENTATION_COMMENTS = YES;
				CLANG_WARN_EMPTY_BODY = YES;
				CLANG_WARN_ENUM_CONVERSION = YES;
				CLANG_WARN_INFINITE_RECURSION = YES;
				CLANG_WARN_INT_CONVERSION = YES;
				CLANG_WARN_NON_LITERAL_NULL_CONVERSION = YES;
				CLANG_WARN_OBJC_IMPLICIT_RETAIN_SELF = YES;
				CLANG_WARN_OBJC_LITERAL_CONVERSION = YES;
				CLANG_WARN_OBJC_ROOT_CLASS = YES_ERROR;
				CLANG_WARN_QUOTED_INCLUDE_IN_FRAMEWORK_HEADER = YES;
				CLANG_WARN_RANGE_LOOP_ANALYSIS = YES;
				CLANG_WARN_STRICT_PROTOTYPES = YES;
				CLANG_WARN_SUSPICIOUS_MOVE = YES;
				CLANG_WARN_UNGUARDED_AVAILABILITY = YES_AGGRESSIVE;
				CLANG_WARN_UNREACHABLE_CODE = YES;
				CLANG_WARN__DUPLICATE_METHOD_MATCH = YES;
				COPY_PHASE_STRIP = NO;
				DEBUG_INFORMATION_FORMAT = "dwarf-with-dsym";
				ENABLE_NS_ASSERTIONS = NO;
				ENABLE_STRICT_OBJC_MSGSEND = YES;
				ENABLE_USER_SCRIPT_SANDBOXING = YES;
				GCC_C_LANGUAGE_STANDARD = gnu17;
				GCC_NO_COMMON_BLOCKS = YES;
				GCC_WARN_64_TO_32_BIT_CONVERSION = YES;
				GCC_WARN_ABOUT_RETURN_TYPE = YES_ERROR;
				GCC_WARN_UNDECLARED_SELECTOR = YES;
				GCC_WARN_UNINITIALIZED_AUTOS = YES_AGGRESSIVE;
				GCC_WARN_UNUSED_FUNCTION = YES;
				GCC_WARN_UNUSED_VARIABLE = YES;
				IPHONEOS_DEPLOYMENT_TARGET = 18.0;
				LOCALIZATION_PREFERS_STRING_CATALOGS = YES;
				MTL_ENABLE_DEBUG_INFO = NO;
				MTL_FAST_MATH = YES;
				SDKROOT = iphoneos;
				SWIFT_COMPILATION_MODE = wholemodule;
				VALIDATE_PRODUCT = YES;
			};
			name = Release;
		};
/* End XCBuildConfiguration section */

/* Begin XCConfigurationList section */
		B55DFFAD2CD57479006F252F /* Build configuration list for PBXNativeTarget "WhetherTests" */ = {
			isa = XCConfigurationList;
			buildConfigurations = (
				B55DFFAE2CD57479006F252F /* Debug */,
				B55DFFAF2CD57479006F252F /* Release */,
			);
			defaultConfigurationIsVisible = 0;
			defaultConfigurationName = Release;
		};
		B576659F2CC85BCC00D3659A /* Build configuration list for PBXProject "Whether" */ = {
			isa = XCConfigurationList;
			buildConfigurations = (
				B57665B82CC85BCE00D3659A /* Debug */,
				B57665B92CC85BCE00D3659A /* Release */,
			);
			defaultConfigurationIsVisible = 0;
			defaultConfigurationName = Release;
		};
		B57665B52CC85BCE00D3659A /* Build configuration list for PBXNativeTarget "Whether" */ = {
			isa = XCConfigurationList;
			buildConfigurations = (
				B57665B62CC85BCE00D3659A /* Debug */,
				B57665B72CC85BCE00D3659A /* Release */,
			);
			defaultConfigurationIsVisible = 0;
			defaultConfigurationName = Release;
		};
/* End XCConfigurationList section */

/* Begin XCRemoteSwiftPackageReference section */
		B588C2072CCADDD400B7D085 /* XCRemoteSwiftPackageReference "Vortex" */ = {
			isa = XCRemoteSwiftPackageReference;
			repositoryURL = "https://github.com/twostraws/Vortex";
			requirement = {
				kind = upToNextMajorVersion;
				minimumVersion = 1.0.1;
			};
		};
/* End XCRemoteSwiftPackageReference section */

/* Begin XCSwiftPackageProductDependency section */
		B588C2082CCADDD400B7D085 /* Vortex */ = {
			isa = XCSwiftPackageProductDependency;
			package = B588C2072CCADDD400B7D085 /* XCRemoteSwiftPackageReference "Vortex" */;
			productName = Vortex;
		};
/* End XCSwiftPackageProductDependency section */
	};
	rootObject = B576659C2CC85BCC00D3659A /* Project object */;
}
